
Microsoft Visual Studio Solution File, Format Version 12.00
# Visual Studio Version 17
VisualStudioVersion = 17.10.35004.147
MinimumVisualStudioVersion = 10.0.40219.1
Project("{FAE04EC0-301F-11D3-BF4B-00C04F79EFBC}") = "CursoDeCSharp", "CursoDeCSharp\CursoDeCSharp.csproj", "{16B696E6-6978-4EE2-920B-D0FBB37ED806}"
EndProject
Global
	GlobalSection(SolutionConfigurationPlatforms) = preSolution
		Debug|Any CPU = Debug|Any CPU
		Release|Any CPU = Release|Any CPU
	EndGlobalSection
	GlobalSection(ProjectConfigurationPlatforms) = postSolution
		{16B696E6-6978-4EE2-920B-D0FBB37ED806}.Debug|Any CPU.ActiveCfg = Debug|Any CPU
		{16B696E6-6978-4EE2-920B-D0FBB37ED806}.Debug|Any CPU.Build.0 = Debug|Any CPU
		{16B696E6-6978-4EE2-920B-D0FBB37ED806}.Release|Any CPU.ActiveCfg = Release|Any CPU
		{16B696E6-6978-4EE2-920B-D0FBB37ED806}.Release|Any CPU.Build.0 = Release|Any CPU
	EndGlobalSection
	GlobalSection(SolutionProperties) = preSolution
		HideSolutionNode = FALSE
	EndGlobalSection
	GlobalSection(ExtensibilityGlobals) = postSolution
		SolutionGuid = {4DBE349B-F20B-409F-96C1-59767D8DB942}
	EndGlobalSection
EndGlobal
